// !$*UTF8*$!
{
	archiveVersion = 1;
	classes = {
	};
	objectVersion = 56;
	objects = {

/* Begin PBXBuildFile section */
		A10000000000000000000001 /* PersonalAgentApp.swift in Sources */ = {isa = PBXBuildFile; fileRef = A20000000000000000000001 /* PersonalAgentApp.swift */; };
		A10000000000000000000002 /* RootView.swift in Sources */ = {isa = PBXBuildFile; fileRef = A20000000000000000000002 /* RootView.swift */; };
		A10000000000000000000003 /* Shared.swift in Sources */ = {isa = PBXBuildFile; fileRef = A20000000000000000000003 /* Shared.swift */; };
		A10000000000000000000004 /* ChatScreen.swift in Sources */ = {isa = PBXBuildFile; fileRef = A20000000000000000000004 /* ChatScreen.swift */; };
		A10000000000000000000005 /* AgentScreen.swift in Sources */ = {isa = PBXBuildFile; fileRef = A20000000000000000000005 /* AgentScreen.swift */; };
		A10000000000000000000006 /* TasksScreen.swift in Sources */ = {isa = PBXBuildFile; fileRef = A20000000000000000000006 /* TasksScreen.swift */; };
		A10000000000000000000007 /* MemoryScreen.swift in Sources */ = {isa = PBXBuildFile; fileRef = A20000000000000000000007 /* MemoryScreen.swift */; };
		A10000000000000000000008 /* SkillsScreen.swift in Sources */ = {isa = PBXBuildFile; fileRef = A20000000000000000000008 /* SkillsScreen.swift */; };
		A10000000000000000000009 /* ProvidersScreen.swift in Sources */ = {isa = PBXBuildFile; fileRef = A20000000000000000000009 /* ProvidersScreen.swift */; };
		A1000000000000000000000A /* SettingsScreen.swift in Sources */ = {isa = PBXBuildFile; fileRef = A2000000000000000000000A /* SettingsScreen.swift */; };
		A1000000000000000000000B /* Assets.xcassets in Resources */ = {isa = PBXBuildFile; fileRef = A2000000000000000000000B /* Assets.xcassets */; };
		A1000000000000000000000C /* KernelSession.swift in Sources */ = {isa = PBXBuildFile; fileRef = A2000000000000000000000C /* KernelSession.swift */; };
		A10000000000000000000011 /* PAComposition in Frameworks */ = {isa = PBXBuildFile; productRef = A30000000000000000000001 /* PAComposition */; };
		A10000000000000000000012 /* PAArchitecture in Frameworks */ = {isa = PBXBuildFile; productRef = A30000000000000000000002 /* PAArchitecture */; };
		A10000000000000000000013 /* PAFoundation in Frameworks */ = {isa = PBXBuildFile; productRef = A30000000000000000000003 /* PAFoundation */; };
		A10000000000000000000015 /* PAKernel in Frameworks */ = {isa = PBXBuildFile; productRef = A30000000000000000000005 /* PAKernel */; };
/* End PBXBuildFile section */

/* Begin PBXFileReference section */
		A20000000000000000000001 /* PersonalAgentApp.swift */ = {isa = PBXFileReference; lastKnownFileType = sourcecode.swift; path = PersonalAgentApp.swift; sourceTree = "<group>"; };
		A20000000000000000000002 /* RootView.swift */ = {isa = PBXFileReference; lastKnownFileType = sourcecode.swift; path = RootView.swift; sourceTree = "<group>"; };
		A2000000000000000000000C /* KernelSession.swift */ = {isa = PBXFileReference; lastKnownFileType = sourcecode.swift; path = KernelSession.swift; sourceTree = "<group>"; };
		A20000000000000000000003 /* Shared.swift */ = {isa = PBXFileReference; lastKnownFileType = sourcecode.swift; path = Shared.swift; sourceTree = "<group>"; };
		A20000000000000000000004 /* ChatScreen.swift */ = {isa = PBXFileReference; lastKnownFileType = sourcecode.swift; path = ChatScreen.swift; sourceTree = "<group>"; };
		A20000000000000000000005 /* AgentScreen.swift */ = {isa = PBXFileReference; lastKnownFileType = sourcecode.swift; path = AgentScreen.swift; sourceTree = "<group>"; };
		A20000000000000000000006 /* TasksScreen.swift */ = {isa = PBXFileReference; lastKnownFileType = sourcecode.swift; path = TasksScreen.swift; sourceTree = "<group>"; };
		A20000000000000000000007 /* MemoryScreen.swift */ = {isa = PBXFileReference; lastKnownFileType = sourcecode.swift; path = MemoryScreen.swift; sourceTree = "<group>"; };
		A20000000000000000000008 /* SkillsScreen.swift */ = {isa = PBXFileReference; lastKnownFileType = sourcecode.swift; path = SkillsScreen.swift; sourceTree = "<group>"; };
		A20000000000000000000009 /* ProvidersScreen.swift */ = {isa = PBXFileReference; lastKnownFileType = sourcecode.swift; path = ProvidersScreen.swift; sourceTree = "<group>"; };
		A2000000000000000000000A /* SettingsScreen.swift */ = {isa = PBXFileReference; lastKnownFileType = sourcecode.swift; path = SettingsScreen.swift; sourceTree = "<group>"; };
		A2000000000000000000000B /* Assets.xcassets */ = {isa = PBXFileReference; lastKnownFileType = folder.assetcatalog; path = Assets.xcassets; sourceTree = "<group>"; };
		A200000000000000000000FF /* PersonalAgent.app */ = {isa = PBXFileReference; explicitFileType = wrapper.application; includeInIndex = 0; path = PersonalAgent.app; sourceTree = BUILT_PRODUCTS_DIR; };
/* End PBXFileReference section */

/* Begin PBXFrameworksBuildPhase section */
		A40000000000000000000002 /* Frameworks */ = {
			isa = PBXFrameworksBuildPhase;
			buildActionMask = 2147483647;
			files = (
				A10000000000000000000011 /* PAComposition in Frameworks */,
				A10000000000000000000012 /* PAArchitecture in Frameworks */,
				A10000000000000000000013 /* PAFoundation in Frameworks */,
				A10000000000000000000015 /* PAKernel in Frameworks */,
			);
			runOnlyForDeploymentPostprocessing = 0;
		};
/* End PBXFrameworksBuildPhase section */

/* Begin PBXGroup section */
		A50000000000000000000001 = {
			isa = PBXGroup;
			children = (
				A50000000000000000000002 /* App */,
				A50000000000000000000099 /* Products */,
			);
			sourceTree = "<group>";
		};
		A50000000000000000000002 /* App */ = {
			isa = PBXGroup;
			children = (
				A50000000000000000000003 /* PersonalAgent */,
			);
			path = App;
			sourceTree = "<group>";
		};
		A50000000000000000000003 /* PersonalAgent */ = {
			isa = PBXGroup;
			children = (
				A20000000000000000000001 /* PersonalAgentApp.swift */,
				A20000000000000000000002 /* RootView.swift */,
				A2000000000000000000000C /* KernelSession.swift */,
				A50000000000000000000004 /* Screens */,
				A2000000000000000000000B /* Assets.xcassets */,
			);
			path = PersonalAgent;
			sourceTree = "<group>";
		};
		A50000000000000000000004 /* Screens */ = {
			isa = PBXGroup;
			children = (
				A20000000000000000000003 /* Shared.swift */,
				A20000000000000000000004 /* ChatScreen.swift */,
				A20000000000000000000005 /* AgentScreen.swift */,
				A20000000000000000000006 /* TasksScreen.swift */,
				A20000000000000000000007 /* MemoryScreen.swift */,
				A20000000000000000000008 /* SkillsScreen.swift */,
				A20000000000000000000009 /* ProvidersScreen.swift */,
				A2000000000000000000000A /* SettingsScreen.swift */,
			);
			path = Screens;
			sourceTree = "<group>";
		};
		A50000000000000000000099 /* Products */ = {
			isa = PBXGroup;
			children = (
				A200000000000000000000FF /* PersonalAgent.app */,
			);
			name = Products;
			sourceTree = "<group>";
		};
/* End PBXGroup section */

/* Begin PBXNativeTarget section */
		A60000000000000000000001 /* PersonalAgent */ = {
			isa = PBXNativeTarget;
			buildConfigurationList = A70000000000000000000002 /* Build configuration list for PBXNativeTarget "PersonalAgent" */;
			buildPhases = (
				A40000000000000000000001 /* Sources */,
				A40000000000000000000002 /* Frameworks */,
				A40000000000000000000003 /* Resources */,
			);
			buildRules = (
			);
			dependencies = (
			);
			name = PersonalAgent;
			packageProductDependencies = (
				A30000000000000000000001 /* PAComposition */,
				A30000000000000000000002 /* PAArchitecture */,
				A30000000000000000000003 /* PAFoundation */,
				A30000000000000000000005 /* PAKernel */,
			);
			productName = PersonalAgent;
			productReference = A200000000000000000000FF /* PersonalAgent.app */;
			productType = "com.apple.product-type.application";
		};
/* End PBXNativeTarget section */

/* Begin PBXProject section */
		A80000000000000000000001 /* Project object */ = {
			isa = PBXProject;
			attributes = {
				BuildIndependentTargetsInParallel = 1;
				LastSwiftUpdateCheck = 1600;
				LastUpgradeCheck = 1600;
				TargetAttributes = {
					A60000000000000000000001 = {
						CreatedOnToolsVersion = 16.0;
					};
				};
			};
			buildConfigurationList = A70000000000000000000001 /* Build configuration list for PBXProject "PersonalAgent" */;
			compatibilityVersion = "Xcode 15.0";
			developmentRegion = en;
			hasScannedForEncodings = 0;
			knownRegions = (
				en,
				Base,
			);
			mainGroup = A50000000000000000000001;
			packageReferences = (
				A90000000000000000000001 /* XCLocalSwiftPackageReference "." */,
			);
			productRefGroup = A50000000000000000000099 /* Products */;
			projectDirPath = "";
			projectRoot = "";
			targets = (
				A60000000000000000000001 /* PersonalAgent */,
			);
		};
/* End PBXProject section */

/* Begin PBXResourcesBuildPhase section */
		A40000000000000000000003 /* Resources */ = {
			isa = PBXResourcesBuildPhase;
			buildActionMask = 2147483647;
			files = (
				A1000000000000000000000B /* Assets.xcassets in Resources */,
			);
			runOnlyForDeploymentPostprocessing = 0;
		};
/* End PBXResourcesBuildPhase section */

/* Begin PBXSourcesBuildPhase section */
		A40000000000000000000001 /* Sources */ = {
			isa = PBXSourcesBuildPhase;
			buildActionMask = 2147483647;
			files = (
				A10000000000000000000001 /* PersonalAgentApp.swift in Sources */,
				A10000000000000000000002 /* RootView.swift in Sources */,
				A1000000000000000000000C /* KernelSession.swift in Sources */,
				A10000000000000000000003 /* Shared.swift in Sources */,
				A10000000000000000000004 /* ChatScreen.swift in Sources */,
				A10000000000000000000005 /* AgentScreen.swift in Sources */,
				A10000000000000000000006 /* TasksScreen.swift in Sources */,
				A10000000000000000000007 /* MemoryScreen.swift in Sources */,
				A10000000000000000000008 /* SkillsScreen.swift in Sources */,
				A10000000000000000000009 /* ProvidersScreen.swift in Sources */,
				A1000000000000000000000A /* SettingsScreen.swift in Sources */,
			);
			runOnlyForDeploymentPostprocessing = 0;
		};
/* End PBXSourcesBuildPhase section */

/* Begin XCBuildConfiguration section */
		A70000000000000000000011 /* Debug */ = {
			isa = XCBuildConfiguration;
			buildSettings = {
				ALWAYS_SEARCH_USER_PATHS = NO;
				CLANG_ENABLE_MODULES = YES;
				CLANG_ENABLE_OBJC_ARC = YES;
				COPY_PHASE_STRIP = NO;
				DEBUG_INFORMATION_FORMAT = dwarf;
				ENABLE_TESTABILITY = YES;
				ENABLE_USER_SCRIPT_SANDBOXING = YES;
				GCC_DYNAMIC_NO_PIC = NO;
				IPHONEOS_DEPLOYMENT_TARGET = 18.0;
				MTL_ENABLE_DEBUG_INFO = INCLUDE_SOURCE;
				ONLY_ACTIVE_ARCH = YES;
				SDKROOT = iphoneos;
				SWIFT_ACTIVE_COMPILATION_CONDITIONS = "DEBUG $(inherited)";
				SWIFT_OPTIMIZATION_LEVEL = "-Onone";
				SWIFT_VERSION = 6.0;
			};
			name = Debug;
		};
		A70000000000000000000012 /* Release */ = {
			isa = XCBuildConfiguration;
			buildSettings = {
				ALWAYS_SEARCH_USER_PATHS = NO;
				CLANG_ENABLE_MODULES = YES;
				CLANG_ENABLE_OBJC_ARC = YES;
				COPY_PHASE_STRIP = NO;
				DEBUG_INFORMATION_FORMAT = "dwarf-with-dsym";
				ENABLE_USER_SCRIPT_SANDBOXING = YES;
				IPHONEOS_DEPLOYMENT_TARGET = 18.0;
				MTL_ENABLE_DEBUG_INFO = NO;
				SDKROOT = iphoneos;
				SWIFT_COMPILATION_MODE = wholemodule;
				SWIFT_VERSION = 6.0;
				VALIDATE_PRODUCT = YES;
			};
			name = Release;
		};
		A70000000000000000000021 /* Debug */ = {
			isa = XCBuildConfiguration;
			buildSettings = {
				ASSETCATALOG_COMPILER_APPICON_NAME = AppIcon;
				ASSETCATALOG_COMPILER_GLOBAL_ACCENT_COLOR_NAME = AccentColor;
				CODE_SIGN_STYLE = Automatic;
				CURRENT_PROJECT_VERSION = 1;
				DEVELOPMENT_ASSET_PATHS = "";
				ENABLE_PREVIEWS = YES;
				GENERATE_INFOPLIST_FILE = YES;
				INFOPLIST_KEY_CFBundleDisplayName = "Personal Agent";
				INFOPLIST_KEY_LSApplicationCategoryType = "public.app-category.productivity";
				INFOPLIST_KEY_UIApplicationSceneManifest_Generation = YES;
				INFOPLIST_KEY_UIApplicationSupportsIndirectInputEvents = YES;
				INFOPLIST_KEY_UILaunchScreen_Generation = YES;
				INFOPLIST_KEY_UISupportedInterfaceOrientations = "UIInterfaceOrientationPortrait UIInterfaceOrientationLandscapeLeft UIInterfaceOrientationLandscapeRight";
				INFOPLIST_KEY_UISupportedInterfaceOrientations_iPad = "UIInterfaceOrientationPortrait UIInterfaceOrientationPortraitUpsideDown UIInterfaceOrientationLandscapeLeft UIInterfaceOrientationLandscapeRight";
				LD_RUNPATH_SEARCH_PATHS = "$(inherited) @executable_path/Frameworks";
				MARKETING_VERSION = 0.1.0;
				PRODUCT_BUNDLE_IDENTIFIER = app.personalagent.ios;
				PRODUCT_NAME = "$(TARGET_NAME)";
				SUPPORTED_PLATFORMS = "iphoneos iphonesimulator";
				SUPPORTS_MACCATALYST = NO;
				SWIFT_EMIT_LOC_STRINGS = YES;
				SWIFT_STRICT_CONCURRENCY = complete;
				SWIFT_VERSION = 6.0;
				TARGETED_DEVICE_FAMILY = 1;
			};
			name = Debug;
		};
		A70000000000000000000022 /* Release */ = {
			isa = XCBuildConfiguration;
			buildSettings = {
				ASSETCATALOG_COMPILER_APPICON_NAME = AppIcon;
				ASSETCATALOG_COMPILER_GLOBAL_ACCENT_COLOR_NAME = AccentColor;
				CODE_SIGN_STYLE = Automatic;
				CURRENT_PROJECT_VERSION = 1;
				ENABLE_PREVIEWS = YES;
				GENERATE_INFOPLIST_FILE = YES;
				INFOPLIST_KEY_CFBundleDisplayName = "Personal Agent";
				INFOPLIST_KEY_LSApplicationCategoryType = "public.app-category.productivity";
				INFOPLIST_KEY_UIApplicationSceneManifest_Generation = YES;
				INFOPLIST_KEY_UIApplicationSupportsIndirectInputEvents = YES;
				INFOPLIST_KEY_UILaunchScreen_Generation = YES;
				INFOPLIST_KEY_UISupportedInterfaceOrientations = "UIInterfaceOrientationPortrait UIInterfaceOrientationLandscapeLeft UIInterfaceOrientationLandscapeRight";
				INFOPLIST_KEY_UISupportedInterfaceOrientations_iPad = "UIInterfaceOrientationPortrait UIInterfaceOrientationPortraitUpsideDown UIInterfaceOrientationLandscapeLeft UIInterfaceOrientationLandscapeRight";
				LD_RUNPATH_SEARCH_PATHS = "$(inherited) @executable_path/Frameworks";
				MARKETING_VERSION = 0.1.0;
				PRODUCT_BUNDLE_IDENTIFIER = app.personalagent.ios;
				PRODUCT_NAME = "$(TARGET_NAME)";
				SUPPORTED_PLATFORMS = "iphoneos iphonesimulator";
				SUPPORTS_MACCATALYST = NO;
				SWIFT_EMIT_LOC_STRINGS = YES;
				SWIFT_STRICT_CONCURRENCY = complete;
				SWIFT_VERSION = 6.0;
				TARGETED_DEVICE_FAMILY = 1;
			};
			name = Release;
		};
/* End XCBuildConfiguration section */

/* Begin XCConfigurationList section */
		A70000000000000000000001 /* Build configuration list for PBXProject "PersonalAgent" */ = {
			isa = XCConfigurationList;
			buildConfigurations = (
				A70000000000000000000011 /* Debug */,
				A70000000000000000000012 /* Release */,
			);
			defaultConfigurationIsVisible = 0;
			defaultConfigurationName = Release;
		};
		A70000000000000000000002 /* Build configuration list for PBXNativeTarget "PersonalAgent" */ = {
			isa = XCConfigurationList;
			buildConfigurations = (
				A70000000000000000000021 /* Debug */,
				A70000000000000000000022 /* Release */,
			);
			defaultConfigurationIsVisible = 0;
			defaultConfigurationName = Release;
		};
/* End XCConfigurationList section */

/* Begin XCLocalSwiftPackageReference section */
		A90000000000000000000001 /* XCLocalSwiftPackageReference "." */ = {
			isa = XCLocalSwiftPackageReference;
			relativePath = .;
		};
/* End XCLocalSwiftPackageReference section */

/* Begin XCSwiftPackageProductDependency section */
		A30000000000000000000001 /* PAComposition */ = {
			isa = XCSwiftPackageProductDependency;
			package = A90000000000000000000001 /* XCLocalSwiftPackageReference "." */;
			productName = PAComposition;
		};
		A30000000000000000000002 /* PAArchitecture */ = {
			isa = XCSwiftPackageProductDependency;
			package = A90000000000000000000001 /* XCLocalSwiftPackageReference "." */;
			productName = PAArchitecture;
		};
		A30000000000000000000003 /* PAFoundation */ = {
			isa = XCSwiftPackageProductDependency;
			package = A90000000000000000000001 /* XCLocalSwiftPackageReference "." */;
			productName = PAFoundation;
		};
		A30000000000000000000005 /* PAKernel */ = {
			isa = XCSwiftPackageProductDependency;
			package = A90000000000000000000001 /* XCLocalSwiftPackageReference "." */;
			productName = PAKernel;
		};
/* End XCSwiftPackageProductDependency section */
	};
	rootObject = A80000000000000000000001 /* Project object */;
}
